// !$*UTF8*$!
{
	archiveVersion = 1;
	classes = {
	};
	objectVersion = 56;
	objects = {

/* Begin PBXBuildFile section */
		B4FD05A32A276C5F00E9BCBC /* AppDelegate.swift in Sources */ = {isa = PBXBuildFile; fileRef = B4FD05A22A276C5F00E9BCBC /* AppDelegate.swift */; };
		B4FD05A52A276C5F00E9BCBC /* SceneDelegate.swift in Sources */ = {isa = PBXBuildFile; fileRef = B4FD05A42A276C5F00E9BCBC /* SceneDelegate.swift */; };
		B4FD05A72A276C5F00E9BCBC /* ViewController.swift in Sources */ = {isa = PBXBuildFile; fileRef = B4FD05A62A276C5F00E9BCBC /* ViewController.swift */; };
		B4FD05AA2A276C5F00E9BCBC /* Main.storyboard in Resources */ = {isa = PBXBuildFile; fileRef = B4FD05A82A276C5F00E9BCBC /* Main.storyboard */; };
		B4FD05AC2A276C6100E9BCBC /* Assets.xcassets in Resources */ = {isa = PBXBuildFile; fileRef = B4FD05AB2A276C6100E9BCBC /* Assets.xcassets */; };
		B4FD05AF2A276C6100E9BCBC /* LaunchScreen.storyboard in Resources */ = {isa = PBXBuildFile; fileRef = B4FD05AD2A276C6100E9BCBC /* LaunchScreen.storyboard */; };
		B4FD05C12A27726D00E9BCBC /* TutorialViewController.swift in Sources */ = {isa = PBXBuildFile; fileRef = B4FD05C02A27726D00E9BCBC /* TutorialViewController.swift */; };
/* End PBXBuildFile section */

/* Begin PBXFileReference section */
		B4FD059F2A276C5F00E9BCBC /* PostApp.app */ = {isa = PBXFileReference; explicitFileType = wrapper.application; includeInIndex = 0; path = PostApp.app; sourceTree = BUILT_PRODUCTS_DIR; };
		B4FD05A22A276C5F00E9BCBC /* AppDelegate.swift */ = {isa = PBXFileReference; lastKnownFileType = sourcecode.swift; path = AppDelegate.swift; sourceTree = "<group>"; };
		B4FD05A42A276C5F00E9BCBC /* SceneDelegate.swift */ = {isa = PBXFileReference; lastKnownFileType = sourcecode.swift; path = SceneDelegate.swift; sourceTree = "<group>"; };
		B4FD05A62A276C5F00E9BCBC /* ViewController.swift */ = {isa = PBXFileReference; lastKnownFileType = sourcecode.swift; path = ViewController.swift; sourceTree = "<group>"; };
		B4FD05A92A276C5F00E9BCBC /* Base */ = {isa = PBXFileReference; lastKnownFileType = file.storyboard; name = Base; path = Base.lproj/Main.storyboard; sourceTree = "<group>"; };
		B4FD05AB2A276C6100E9BCBC /* Assets.xcassets */ = {isa = PBXFileReference; lastKnownFileType = folder.assetcatalog; path = Assets.xcassets; sourceTree = "<group>"; };
		B4FD05AE2A276C6100E9BCBC /* Base */ = {isa = PBXFileReference; lastKnownFileType = file.storyboard; name = Base; path = Base.lproj/LaunchScreen.storyboard; sourceTree = "<group>"; };
		B4FD05B02A276C6100E9BCBC /* Info.plist */ = {isa = PBXFileReference; lastKnownFileType = text.plist.xml; path = Info.plist; sourceTree = "<group>"; };
		B4FD05C02A27726D00E9BCBC /* TutorialViewController.swift */ = {isa = PBXFileReference; lastKnownFileType = sourcecode.swift; path = TutorialViewController.swift; sourceTree = "<group>"; };
/* End PBXFileReference section */

/* Begin PBXFrameworksBuildPhase section */
		B4FD059C2A276C5F00E9BCBC /* Frameworks */ = {
			isa = PBXFrameworksBuildPhase;
			buildActionMask = 2147483647;
			files = (
			);
			runOnlyForDeploymentPostprocessing = 0;
		};
/* End PBXFrameworksBuildPhase section */

/* Begin PBXGroup section */
		B4FD05962A276C5E00E9BCBC = {
			isa = PBXGroup;
			children = (
				B4FD05A12A276C5F00E9BCBC /* PostApp */,
				B4FD05A02A276C5F00E9BCBC /* Products */,
			);
			sourceTree = "<group>";
		};
		B4FD05A02A276C5F00E9BCBC /* Products */ = {
			isa = PBXGroup;
			children = (
				B4FD059F2A276C5F00E9BCBC /* PostApp.app */,
			);
			name = Products;
			sourceTree = "<group>";
		};
		B4FD05A12A276C5F00E9BCBC /* PostApp */ = {
			isa = PBXGroup;
			children = (
				B4FD05B62A276C8300E9BCBC /* Utils */,
				B4FD05B82A276CB300E9BCBC /* Services */,
				B4FD05B92A276CC800E9BCBC /* Entities */,
				B4FD05BA2A276CDF00E9BCBC /* Repositories */,
				B4FD05BB2A276CF300E9BCBC /* Network */,
				B4FD05BC2A276D0600E9BCBC /* Screens */,
				B4FD05A22A276C5F00E9BCBC /* AppDelegate.swift */,
				B4FD05A42A276C5F00E9BCBC /* SceneDelegate.swift */,
				B4FD05A62A276C5F00E9BCBC /* ViewController.swift */,
				B4FD05A82A276C5F00E9BCBC /* Main.storyboard */,
				B4FD05AB2A276C6100E9BCBC /* Assets.xcassets */,
				B4FD05AD2A276C6100E9BCBC /* LaunchScreen.storyboard */,
				B4FD05B02A276C6100E9BCBC /* Info.plist */,
			);
			path = PostApp;
			sourceTree = "<group>";
		};
		B4FD05B62A276C8300E9BCBC /* Utils */ = {
			isa = PBXGroup;
			children = (
			);
			path = Utils;
			sourceTree = "<group>";
		};
		B4FD05B82A276CB300E9BCBC /* Services */ = {
			isa = PBXGroup;
			children = (
			);
			path = Services;
			sourceTree = "<group>";
		};
		B4FD05B92A276CC800E9BCBC /* Entities */ = {
			isa = PBXGroup;
			children = (
			);
			path = Entities;
			sourceTree = "<group>";
		};
		B4FD05BA2A276CDF00E9BCBC /* Repositories */ = {
			isa = PBXGroup;
			children = (
			);
			path = Repositories;
			sourceTree = "<group>";
		};
		B4FD05BB2A276CF300E9BCBC /* Network */ = {
			isa = PBXGroup;
			children = (
			);
			path = Network;
			sourceTree = "<group>";
		};
		B4FD05BC2A276D0600E9BCBC /* Screens */ = {
			isa = PBXGroup;
			children = (
				B4FD05BF2A27723F00E9BCBC /* Tutorial */,
				B4FD05BD2A276D3800E9BCBC /* Pinpost */,
			);
			path = Screens;
			sourceTree = "<group>";
		};
		B4FD05BD2A276D3800E9BCBC /* Pinpost */ = {
			isa = PBXGroup;
			children = (
			);
			path = Pinpost;
			sourceTree = "<group>";
		};
		B4FD05BF2A27723F00E9BCBC /* Tutorial */ = {
			isa = PBXGroup;
			children = (
				B4FD05C02A27726D00E9BCBC /* TutorialViewController.swift */,
			);
			path = Tutorial;
			sourceTree = "<group>";
		};
/* End PBXGroup section */

/* Begin PBXNativeTarget section */
		B4FD059E2A276C5F00E9BCBC /* PostApp */ = {
			isa = PBXNativeTarget;
			buildConfigurationList = B4FD05B32A276C6100E9BCBC /* Build configuration list for PBXNativeTarget "PostApp" */;
			buildPhases = (
				B4FD059B2A276C5F00E9BCBC /* Sources */,
				B4FD059C2A276C5F00E9BCBC /* Frameworks */,
				B4FD059D2A276C5F00E9BCBC /* Resources */,
			);
			buildRules = (
			);
			dependencies = (
			);
			name = PostApp;
			productName = PostApp;
			productReference = B4FD059F2A276C5F00E9BCBC /* PostApp.app */;
			productType = "com.apple.product-type.application";
		};
/* End PBXNativeTarget section */

/* Begin PBXProject section */
		B4FD05972A276C5E00E9BCBC /* Project object */ = {
			isa = PBXProject;
			attributes = {
				BuildIndependentTargetsInParallel = 1;
				LastSwiftUpdateCheck = 1410;
				LastUpgradeCheck = 1410;
				TargetAttributes = {
					B4FD059E2A276C5F00E9BCBC = {
						CreatedOnToolsVersion = 14.1;
					};
				};
			};
			buildConfigurationList = B4FD059A2A276C5E00E9BCBC /* Build configuration list for PBXProject "PostApp" */;
			compatibilityVersion = "Xcode 14.0";
			developmentRegion = en;
			hasScannedForEncodings = 0;
			knownRegions = (
				en,
				Base,
			);
			mainGroup = B4FD05962A276C5E00E9BCBC;
			productRefGroup = B4FD05A02A276C5F00E9BCBC /* Products */;
			projectDirPath = "";
			projectRoot = "";
			targets = (
				B4FD059E2A276C5F00E9BCBC /* PostApp */,
			);
		};
/* End PBXProject section */

/* Begin PBXResourcesBuildPhase section */
		B4FD059D2A276C5F00E9BCBC /* Resources */ = {
			isa = PBXResourcesBuildPhase;
			buildActionMask = 2147483647;
			files = (
				B4FD05AF2A276C6100E9BCBC /* LaunchScreen.storyboard in Resources */,
				B4FD05AC2A276C6100E9BCBC /* Assets.xcassets in Resources */,
				B4FD05AA2A276C5F00E9BCBC /* Main.storyboard in Resources */,
			);
			runOnlyForDeploymentPostprocessing = 0;
		};
/* End PBXResourcesBuildPhase section */

/* Begin PBXSourcesBuildPhase section */
		B4FD059B2A276C5F00E9BCBC /* Sources */ = {
			isa = PBXSourcesBuildPhase;
			buildActionMask = 2147483647;
			files = (
				B4FD05A72A276C5F00E9BCBC /* ViewController.swift in Sources */,
				B4FD05A32A276C5F00E9BCBC /* AppDelegate.swift in Sources */,
				B4FD05C12A27726D00E9BCBC /* TutorialViewController.swift in Sources */,
				B4FD05A52A276C5F00E9BCBC /* SceneDelegate.swift in Sources */,
			);
			runOnlyForDeploymentPostprocessing = 0;
		};
/* End PBXSourcesBuildPhase section */

/* Begin PBXVariantGroup section */
		B4FD05A82A276C5F00E9BCBC /* Main.storyboard */ = {
			isa = PBXVariantGroup;
			children = (
				B4FD05A92A276C5F00E9BCBC /* Base */,
			);
			name = Main.storyboard;
			sourceTree = "<group>";
		};
		B4FD05AD2A276C6100E9BCBC /* LaunchScreen.storyboard */ = {
			isa = PBXVariantGroup;
			children = (
				B4FD05AE2A276C6100E9BCBC /* Base */,
			);
			name = LaunchScreen.storyboard;
			sourceTree = "<group>";
		};
/* End PBXVariantGroup section */

/* Begin XCBuildConfiguration section */
		B4FD05B12A276C6100E9BCBC /* Debug */ = {
			isa = XCBuildConfiguration;
			buildSettings = {
				ALWAYS_SEARCH_USER_PATHS = NO;
				CLANG_ANALYZER_NONNULL = YES;
				CLANG_ANALYZER_NUMBER_OBJECT_CONVERSION = YES_AGGRESSIVE;
				CLANG_CXX_LANGUAGE_STANDARD = "gnu++20";
				CLANG_ENABLE_MODULES = YES;
				CLANG_ENABLE_OBJC_ARC = YES;
				CLANG_ENABLE_OBJC_WEAK = YES;
				CLANG_WARN_BLOCK_CAPTURE_AUTORELEASING = YES;
				CLANG_WARN_BOOL_CONVERSION = YES;
				CLANG_WARN_COMMA = YES;
				CLANG_WARN_CONSTANT_CONVERSION = YES;
				CLANG_WARN_DEPRECATED_OBJC_IMPLEMENTATIONS = YES;
				CLANG_WARN_DIRECT_OBJC_ISA_USAGE = YES_ERROR;
				CLANG_WARN_DOCUMENTATION_COMMENTS = YES;
				CLANG_WARN_EMPTY_BODY = YES;
				CLANG_WARN_ENUM_CONVERSION = YES;
				CLANG_WARN_INFINITE_RECURSION = YES;
				CLANG_WARN_INT_CONVERSION = YES;
				CLANG_WARN_NON_LITERAL_NULL_CONVERSION = YES;
				CLANG_WARN_OBJC_IMPLICIT_RETAIN_SELF = YES;
				CLANG_WARN_OBJC_LITERAL_CONVERSION = YES;
				CLANG_WARN_OBJC_ROOT_CLASS = YES_ERROR;
				CLANG_WARN_QUOTED_INCLUDE_IN_FRAMEWORK_HEADER = YES;
				CLANG_WARN_RANGE_LOOP_ANALYSIS = YES;
				CLANG_WARN_STRICT_PROTOTYPES = YES;
				CLANG_WARN_SUSPICIOUS_MOVE = YES;
				CLANG_WARN_UNGUARDED_AVAILABILITY = YES_AGGRESSIVE;
				CLANG_WARN_UNREACHABLE_CODE = YES;
				CLANG_WARN__DUPLICATE_METHOD_MATCH = YES;
				COPY_PHASE_STRIP = NO;
				DEBUG_INFORMATION_FORMAT = dwarf;
				ENABLE_STRICT_OBJC_MSGSEND = YES;
				ENABLE_TESTABILITY = YES;
				GCC_C_LANGUAGE_STANDARD = gnu11;
				GCC_DYNAMIC_NO_PIC = NO;
				GCC_NO_COMMON_BLOCKS = YES;
				GCC_OPTIMIZATION_LEVEL = 0;
				GCC_PREPROCESSOR_DEFINITIONS = (
					"DEBUG=1",
					"$(inherited)",
				);
				GCC_WARN_64_TO_32_BIT_CONVERSION = YES;
				GCC_WARN_ABOUT_RETURN_TYPE = YES_ERROR;
				GCC_WARN_UNDECLARED_SELECTOR = YES;
				GCC_WARN_UNINITIALIZED_AUTOS = YES_AGGRESSIVE;
				GCC_WARN_UNUSED_FUNCTION = YES;
				GCC_WARN_UNUSED_VARIABLE = YES;
				IPHONEOS_DEPLOYMENT_TARGET = 16.1;
				MTL_ENABLE_DEBUG_INFO = INCLUDE_SOURCE;
				MTL_FAST_MATH = YES;
				ONLY_ACTIVE_ARCH = YES;
				SDKROOT = iphoneos;
				SWIFT_ACTIVE_COMPILATION_CONDITIONS = DEBUG;
				SWIFT_OPTIMIZATION_LEVEL = "-Onone";
			};
			name = Debug;
		};
		B4FD05B22A276C6100E9BCBC /* Release */ = {
			isa = XCBuildConfiguration;
			buildSettings = {
				ALWAYS_SEARCH_USER_PATHS = NO;
				CLANG_ANALYZER_NONNULL = YES;
				CLANG_ANALYZER_NUMBER_OBJECT_CONVERSION = YES_AGGRESSIVE;
				CLANG_CXX_LANGUAGE_STANDARD = "gnu++20";
				CLANG_ENABLE_MODULES = YES;
				CLANG_ENABLE_OBJC_ARC = YES;
				CLANG_ENABLE_OBJC_WEAK = YES;
				CLANG_WARN_BLOCK_CAPTURE_AUTORELEASING = YES;
				CLANG_WARN_BOOL_CONVERSION = YES;
				CLANG_WARN_COMMA = YES;
				CLANG_WARN_CONSTANT_CONVERSION = YES;
				CLANG_WARN_DEPRECATED_OBJC_IMPLEMENTATIONS = YES;
				CLANG_WARN_DIRECT_OBJC_ISA_USAGE = YES_ERROR;
				CLANG_WARN_DOCUMENTATION_COMMENTS = YES;
				CLANG_WARN_EMPTY_BODY = YES;
				CLANG_WARN_ENUM_CONVERSION = YES;
				CLANG_WARN_INFINITE_RECURSION = YES;
				CLANG_WARN_INT_CONVERSION = YES;
				CLANG_WARN_NON_LITERAL_NULL_CONVERSION = YES;
				CLANG_WARN_OBJC_IMPLICIT_RETAIN_SELF = YES;
				CLANG_WARN_OBJC_LITERAL_CONVERSION = YES;
				CLANG_WARN_OBJC_ROOT_CLASS = YES_ERROR;
				CLANG_WARN_QUOTED_INCLUDE_IN_FRAMEWORK_HEADER = YES;
				CLANG_WARN_RANGE_LOOP_ANALYSIS = YES;
				CLANG_WARN_STRICT_PROTOTYPES = YES;
				CLANG_WARN_SUSPICIOUS_MOVE = YES;
				CLANG_WARN_UNGUARDED_AVAILABILITY = YES_AGGRESSIVE;
				CLANG_WARN_UNREACHABLE_CODE = YES;
				CLANG_WARN__DUPLICATE_METHOD_MATCH = YES;
				COPY_PHASE_STRIP = NO;
				DEBUG_INFORMATION_FORMAT = "dwarf-with-dsym";
				ENABLE_NS_ASSERTIONS = NO;
				ENABLE_STRICT_OBJC_MSGSEND = YES;
				GCC_C_LANGUAGE_STANDARD = gnu11;
				GCC_NO_COMMON_BLOCKS = YES;
				GCC_WARN_64_TO_32_BIT_CONVERSION = YES;
				GCC_WARN_ABOUT_RETURN_TYPE = YES_ERROR;
				GCC_WARN_UNDECLARED_SELECTOR = YES;
				GCC_WARN_UNINITIALIZED_AUTOS = YES_AGGRESSIVE;
				GCC_WARN_UNUSED_FUNCTION = YES;
				GCC_WARN_UNUSED_VARIABLE = YES;
				IPHONEOS_DEPLOYMENT_TARGET = 16.1;
				MTL_ENABLE_DEBUG_INFO = NO;
				MTL_FAST_MATH = YES;
				SDKROOT = iphoneos;
				SWIFT_COMPILATION_MODE = wholemodule;
				SWIFT_OPTIMIZATION_LEVEL = "-O";
				VALIDATE_PRODUCT = YES;
			};
			name = Release;
		};
		B4FD05B42A276C6100E9BCBC /* Debug */ = {
			isa = XCBuildConfiguration;
			buildSettings = {
				ASSETCATALOG_COMPILER_APPICON_NAME = AppIcon;
				ASSETCATALOG_COMPILER_GLOBAL_ACCENT_COLOR_NAME = AccentColor;
				CODE_SIGN_STYLE = Automatic;
				CURRENT_PROJECT_VERSION = 1;
				GENERATE_INFOPLIST_FILE = YES;
				INFOPLIST_FILE = PostApp/Info.plist;
				INFOPLIST_KEY_UIApplicationSupportsIndirectInputEvents = YES;
				INFOPLIST_KEY_UILaunchStoryboardName = LaunchScreen;
				INFOPLIST_KEY_UIMainStoryboardFile = Main;
				INFOPLIST_KEY_UISupportedInterfaceOrientations_iPad = "UIInterfaceOrientationPortrait UIInterfaceOrientationPortraitUpsideDown UIInterfaceOrientationLandscapeLeft UIInterfaceOrientationLandscapeRight";
				INFOPLIST_KEY_UISupportedInterfaceOrientations_iPhone = "UIInterfaceOrientationPortrait UIInterfaceOrientationLandscapeLeft UIInterfaceOrientationLandscapeRight";
				LD_RUNPATH_SEARCH_PATHS = (
					"$(inherited)",
					"@executable_path/Frameworks",
				);
				MARKETING_VERSION = 1.0;
				PRODUCT_BUNDLE_IDENTIFIER = com.tanvm.PostApp;
				PRODUCT_NAME = "$(TARGET_NAME)";
				SWIFT_EMIT_LOC_STRINGS = YES;
				SWIFT_VERSION = 5.0;
				TARGETED_DEVICE_FAMILY = "1,2";
			};
			name = Debug;
		};
		B4FD05B52A276C6100E9BCBC /* Release */ = {
			isa = XCBuildConfiguration;
			buildSettings = {
				ASSETCATALOG_COMPILER_APPICON_NAME = AppIcon;
				ASSETCATALOG_COMPILER_GLOBAL_ACCENT_COLOR_NAME = AccentColor;
				CODE_SIGN_STYLE = Automatic;
				CURRENT_PROJECT_VERSION = 1;
				GENERATE_INFOPLIST_FILE = YES;
				INFOPLIST_FILE = PostApp/Info.plist;
				INFOPLIST_KEY_UIApplicationSupportsIndirectInputEvents = YES;
				INFOPLIST_KEY_UILaunchStoryboardName = LaunchScreen;
				INFOPLIST_KEY_UIMainStoryboardFile = Main;
				INFOPLIST_KEY_UISupportedInterfaceOrientations_iPad = "UIInterfaceOrientationPortrait UIInterfaceOrientationPortraitUpsideDown UIInterfaceOrientationLandscapeLeft UIInterfaceOrientationLandscapeRight";
				INFOPLIST_KEY_UISupportedInterfaceOrientations_iPhone = "UIInterfaceOrientationPortrait UIInterfaceOrientationLandscapeLeft UIInterfaceOrientationLandscapeRight";
				LD_RUNPATH_SEARCH_PATHS = (
					"$(inherited)",
					"@executable_path/Frameworks",
				);
				MARKETING_VERSION = 1.0;
				PRODUCT_BUNDLE_IDENTIFIER = com.tanvm.PostApp;
				PRODUCT_NAME = "$(TARGET_NAME)";
				SWIFT_EMIT_LOC_STRINGS = YES;
				SWIFT_VERSION = 5.0;
				TARGETED_DEVICE_FAMILY = "1,2";
			};
			name = Release;
		};
/* End XCBuildConfiguration section */

/* Begin XCConfigurationList section */
		B4FD059A2A276C5E00E9BCBC /* Build configuration list for PBXProject "PostApp" */ = {
			isa = XCConfigurationList;
			buildConfigurations = (
				B4FD05B12A276C6100E9BCBC /* Debug */,
				B4FD05B22A276C6100E9BCBC /* Release */,
			);
			defaultConfigurationIsVisible = 0;
			defaultConfigurationName = Release;
		};
		B4FD05B32A276C6100E9BCBC /* Build configuration list for PBXNativeTarget "PostApp" */ = {
			isa = XCConfigurationList;
			buildConfigurations = (
				B4FD05B42A276C6100E9BCBC /* Debug */,
				B4FD05B52A276C6100E9BCBC /* Release */,
			);
			defaultConfigurationIsVisible = 0;
			defaultConfigurationName = Release;
		};
/* End XCConfigurationList section */
	};
	rootObject = B4FD05972A276C5E00E9BCBC /* Project object */;
}
